
Microsoft Visual Studio Solution File, Format Version 12.00
# Visual Studio Version 16
VisualStudioVersion = 16.0.34301.259
MinimumVisualStudioVersion = 10.0.40219.1
Project("{8BC9CEB8-8B4A-11D0-8D11-00A0C91BC942}") = "LauncherService", "LauncherService\LauncherService.vcxproj", "{D6124537-3C79-4AED-98A5-59AA478FD465}"
EndProject
Global
	GlobalSection(SolutionConfigurationPlatforms) = preSolution
		Debug|x64 = Debug|x64
		Debug|x86 = Debug|x86
		Release|x64 = Release|x64
		Release|x86 = Release|x86
	EndGlobalSection
	GlobalSection(ProjectConfigurationPlatforms) = postSolution
		{D6124537-3C79-4AED-98A5-59AA478FD465}.Debug|x64.ActiveCfg = Debug|x64
		{D6124537-3C79-4AED-98A5-59AA478FD465}.Debug|x64.Build.0 = Debug|x64
		{D6124537-3C79-4AED-98A5-59AA478FD465}.Debug|x86.ActiveCfg = Debug|Win32
		{D6124537-3C79-4AED-98A5-59AA478FD465}.Debug|x86.Build.0 = Debug|Win32
		{D6124537-3C79-4AED-98A5-59AA478FD465}.Release|x64.ActiveCfg = Release|x64
		{D6124537-3C79-4AED-98A5-59AA478FD465}.Release|x64.Build.0 = Release|x64
		{D6124537-3C79-4AED-98A5-59AA478FD465}.Release|x86.ActiveCfg = Release|Win32
		{D6124537-3C79-4AED-98A5-59AA478FD465}.Release|x86.Build.0 = Release|Win32
	EndGlobalSection
	GlobalSection(SolutionProperties) = preSolution
		HideSolutionNode = FALSE
	EndGlobalSection
	GlobalSection(ExtensibilityGlobals) = postSolution
		SolutionGuid = {1937E1E7-E840-44D2-836C-DA66953EA55D}
	EndGlobalSection
EndGlobal
